
Microsoft Visual Studio Solution File, Format Version 12.00
# Visual Studio 15
VisualStudioVersion = 15.0.27130.2020
MinimumVisualStudioVersion = 10.0.40219.1
Project("{F2A71F9B-5D33-465A-A702-920D77279786}") = "Chess.Core", "Chess.Core\Chess.Core.fsproj", "{8957A3A9-E98C-439C-8F0E-B9AC26CD21BB}"
EndProject
Project("{F2A71F9B-5D33-465A-A702-920D77279786}") = "Chess.Core.Test", "Chess.CoreTests\Chess.Core.Test.fsproj", "{7048BB62-0D21-4197-8472-4A5350828DDF}"
EndProject
Project("{F2A71F9B-5D33-465A-A702-920D77279786}") = "Chess.Core.Test.Xunit", "Chess.Core.Test.Xunit\Chess.Core.Test.Xunit.fsproj", "{C2AFE603-D390-41D1-ABCB-56AA986D2645}"
EndProject
Global
	GlobalSection(SolutionConfigurationPlatforms) = preSolution
		Debug|Any CPU = Debug|Any CPU
		Release|Any CPU = Release|Any CPU
	EndGlobalSection
	GlobalSection(ProjectConfigurationPlatforms) = postSolution
		{8957A3A9-E98C-439C-8F0E-B9AC26CD21BB}.Debug|Any CPU.ActiveCfg = Debug|Any CPU
		{8957A3A9-E98C-439C-8F0E-B9AC26CD21BB}.Debug|Any CPU.Build.0 = Debug|Any CPU
		{8957A3A9-E98C-439C-8F0E-B9AC26CD21BB}.Release|Any CPU.ActiveCfg = Release|Any CPU
		{8957A3A9-E98C-439C-8F0E-B9AC26CD21BB}.Release|Any CPU.Build.0 = Release|Any CPU
		{7048BB62-0D21-4197-8472-4A5350828DDF}.Debug|Any CPU.ActiveCfg = Debug|Any CPU
		{7048BB62-0D21-4197-8472-4A5350828DDF}.Debug|Any CPU.Build.0 = Debug|Any CPU
		{7048BB62-0D21-4197-8472-4A5350828DDF}.Release|Any CPU.ActiveCfg = Release|Any CPU
		{7048BB62-0D21-4197-8472-4A5350828DDF}.Release|Any CPU.Build.0 = Release|Any CPU
		{C2AFE603-D390-41D1-ABCB-56AA986D2645}.Debug|Any CPU.ActiveCfg = Debug|Any CPU
		{C2AFE603-D390-41D1-ABCB-56AA986D2645}.Debug|Any CPU.Build.0 = Debug|Any CPU
		{C2AFE603-D390-41D1-ABCB-56AA986D2645}.Release|Any CPU.ActiveCfg = Release|Any CPU
		{C2AFE603-D390-41D1-ABCB-56AA986D2645}.Release|Any CPU.Build.0 = Release|Any CPU
	EndGlobalSection
	GlobalSection(SolutionProperties) = preSolution
		HideSolutionNode = FALSE
	EndGlobalSection
	GlobalSection(ExtensibilityGlobals) = postSolution
		SolutionGuid = {0D101C48-7167-46B8-8A11-A6196D46C0C2}
	EndGlobalSection
EndGlobal
